
Microsoft Visual Studio Solution File, Format Version 12.00
# Visual Studio Version 17
VisualStudioVersion = 17.7.34031.279
MinimumVisualStudioVersion = 10.0.40219.1
Project("{FAE04EC0-301F-11D3-BF4B-00C04F79EFBC}") = "CalculateIt", "CalculateIt\CalculateIt.csproj", "{1F42220C-CC80-421A-BFE0-E050630376D6}"
EndProject
Global
	GlobalSection(SolutionConfigurationPlatforms) = preSolution
		Debug|Any CPU = Debug|Any CPU
		Release|Any CPU = Release|Any CPU
	EndGlobalSection
	GlobalSection(ProjectConfigurationPlatforms) = postSolution
		{1F42220C-CC80-421A-BFE0-E050630376D6}.Debug|Any CPU.ActiveCfg = Debug|Any CPU
		{1F42220C-CC80-421A-BFE0-E050630376D6}.Debug|Any CPU.Build.0 = Debug|Any CPU
		{1F42220C-CC80-421A-BFE0-E050630376D6}.Release|Any CPU.ActiveCfg = Release|Any CPU
		{1F42220C-CC80-421A-BFE0-E050630376D6}.Release|Any CPU.Build.0 = Release|Any CPU
	EndGlobalSection
	GlobalSection(SolutionProperties) = preSolution
		HideSolutionNode = FALSE
	EndGlobalSection
	GlobalSection(ExtensibilityGlobals) = postSolution
		SolutionGuid = {1A520EE7-1C15-4EB8-8BC0-4C33120B974F}
	EndGlobalSection
EndGlobal
